
Microsoft Visual Studio Solution File, Format Version 12.00
# Visual Studio 15
VisualStudioVersion = 15.0.28307.438
MinimumVisualStudioVersion = 10.0.40219.1
Project("{FAE04EC0-301F-11D3-BF4B-00C04F79EFBC}") = "Zadatak", "Zadatak\Zadatak.csproj", "{CA7ECCBD-57CA-4916-B816-FCD21A6CFE49}"
EndProject
Project("{FAE04EC0-301F-11D3-BF4B-00C04F79EFBC}") = "ClientConsole", "ClientConsole\ClientConsole.csproj", "{387B7AFB-0E4F-489F-B169-6CCB26CB4F02}"
EndProject
Global
	GlobalSection(SolutionConfigurationPlatforms) = preSolution
		Debug|Any CPU = Debug|Any CPU
		Release|Any CPU = Release|Any CPU
	EndGlobalSection
	GlobalSection(ProjectConfigurationPlatforms) = postSolution
		{CA7ECCBD-57CA-4916-B816-FCD21A6CFE49}.Debug|Any CPU.ActiveCfg = Debug|Any CPU
		{CA7ECCBD-57CA-4916-B816-FCD21A6CFE49}.Debug|Any CPU.Build.0 = Debug|Any CPU
		{CA7ECCBD-57CA-4916-B816-FCD21A6CFE49}.Release|Any CPU.ActiveCfg = Release|Any CPU
		{CA7ECCBD-57CA-4916-B816-FCD21A6CFE49}.Release|Any CPU.Build.0 = Release|Any CPU
		{387B7AFB-0E4F-489F-B169-6CCB26CB4F02}.Debug|Any CPU.ActiveCfg = Debug|Any CPU
		{387B7AFB-0E4F-489F-B169-6CCB26CB4F02}.Debug|Any CPU.Build.0 = Debug|Any CPU
		{387B7AFB-0E4F-489F-B169-6CCB26CB4F02}.Release|Any CPU.ActiveCfg = Release|Any CPU
		{387B7AFB-0E4F-489F-B169-6CCB26CB4F02}.Release|Any CPU.Build.0 = Release|Any CPU
	EndGlobalSection
	GlobalSection(SolutionProperties) = preSolution
		HideSolutionNode = FALSE
	EndGlobalSection
	GlobalSection(ExtensibilityGlobals) = postSolution
		SolutionGuid = {32DF069A-7588-4F83-B589-F5388725B6DA}
	EndGlobalSection
EndGlobal
